
Microsoft Visual Studio Solution File, Format Version 12.00
# Visual Studio 14
VisualStudioVersion = 14.0.25420.1
MinimumVisualStudioVersion = 10.0.40219.1
Project("{FAE04EC0-301F-11D3-BF4B-00C04F79EFBC}") = "ClientApp", "ClientApp\ClientApp.csproj", "{48A6117B-2E44-424C-828A-C60A955F6D12}"
	ProjectSection(ProjectDependencies) = postProject
		{24016C00-90D3-44DC-95E4-7F93F5CF2B09} = {24016C00-90D3-44DC-95E4-7F93F5CF2B09}
	EndProjectSection
EndProject
Project("{FAE04EC0-301F-11D3-BF4B-00C04F79EFBC}") = "RxApp", "RxApp\RxApp.csproj", "{24016C00-90D3-44DC-95E4-7F93F5CF2B09}"
EndProject
Global
	GlobalSection(SolutionConfigurationPlatforms) = preSolution
		Debug|Any CPU = Debug|Any CPU
		Release|Any CPU = Release|Any CPU
	EndGlobalSection
	GlobalSection(ProjectConfigurationPlatforms) = postSolution
		{48A6117B-2E44-424C-828A-C60A955F6D12}.Debug|Any CPU.ActiveCfg = Debug|Any CPU
		{48A6117B-2E44-424C-828A-C60A955F6D12}.Debug|Any CPU.Build.0 = Debug|Any CPU
		{48A6117B-2E44-424C-828A-C60A955F6D12}.Release|Any CPU.ActiveCfg = Release|Any CPU
		{48A6117B-2E44-424C-828A-C60A955F6D12}.Release|Any CPU.Build.0 = Release|Any CPU
		{24016C00-90D3-44DC-95E4-7F93F5CF2B09}.Debug|Any CPU.ActiveCfg = Debug|Any CPU
		{24016C00-90D3-44DC-95E4-7F93F5CF2B09}.Debug|Any CPU.Build.0 = Debug|Any CPU
		{24016C00-90D3-44DC-95E4-7F93F5CF2B09}.Release|Any CPU.ActiveCfg = Release|Any CPU
		{24016C00-90D3-44DC-95E4-7F93F5CF2B09}.Release|Any CPU.Build.0 = Release|Any CPU
	EndGlobalSection
	GlobalSection(SolutionProperties) = preSolution
		HideSolutionNode = FALSE
	EndGlobalSection
EndGlobal
